{
	"name": "kk-date",
	"version": "4.1.0",
	"lockfileVersion": 3,
	"requires": true,
	"packages": {
		"": {
			"name": "kk-date",
			"version": "4.1.0",
			"license": "MIT",
			"devDependencies": {
				"@biomejs/biome": "2.2.3"
			}
		},
		"node_modules/@biomejs/biome": {
			"version": "2.2.3",
			"resolved": "https://registry.npmjs.org/@biomejs/biome/-/biome-2.2.3.tgz",
			"integrity": "sha512-9w0uMTvPrIdvUrxazZ42Ib7t8Y2yoGLKLdNne93RLICmaHw7mcLv4PPb5LvZLJF3141gQHiCColOh/v6VWlWmg==",
			"dev": true,
			"license": "MIT OR Apache-2.0",
			"bin": {
				"biome": "bin/biome"
			},
			"engines": {
				"node": ">=14.21.3"
			},
			"funding": {
				"type": "opencollective",
				"url": "https://opencollective.com/biome"
			},
			"optionalDependencies": {
				"@biomejs/cli-darwin-arm64": "2.2.3",
				"@biomejs/cli-darwin-x64": "2.2.3",
				"@biomejs/cli-linux-arm64": "2.2.3",
				"@biomejs/cli-linux-arm64-musl": "2.2.3",
				"@biomejs/cli-linux-x64": "2.2.3",
				"@biomejs/cli-linux-x64-musl": "2.2.3",
				"@biomejs/cli-win32-arm64": "2.2.3",
				"@biomejs/cli-win32-x64": "2.2.3"
			}
		},
		"node_modules/@biomejs/cli-darwin-arm64": {
			"version": "2.2.3",
			"resolved": "https://registry.npmjs.org/@biomejs/cli-darwin-arm64/-/cli-darwin-arm64-2.2.3.tgz",
			"integrity": "sha512-OrqQVBpadB5eqzinXN4+Q6honBz+tTlKVCsbEuEpljK8ASSItzIRZUA02mTikl3H/1nO2BMPFiJ0nkEZNy3B1w==",
			"cpu": [
				"arm64"
			],
			"dev": true,
			"license": "MIT OR Apache-2.0",
			"optional": true,
			"os": [
				"darwin"
			],
			"engines": {
				"node": ">=14.21.3"
			}
		}
	}
}
